// !$*UTF8*$!
{
	archiveVersion = 1;
	classes = {
	};
	objectVersion = 46;
	objects = {

/* Begin PBXBuildFile section */
		DA57DF311B5E360D00EF5718 /* chooser-button-input-highlighted@2x.png in Resources */ = {isa = PBXBuildFile; fileRef = DA57DF211B5E360D00EF5718 /* chooser-button-input-highlighted@2x.png */; };
		DA57DF321B5E360D00EF5718 /* chooser-button-input@2x.png in Resources */ = {isa = PBXBuildFile; fileRef = DA57DF221B5E360D00EF5718 /* chooser-button-input@2x.png */; };
		DA57DF331B5E360D00EF5718 /* chooser-button-tab-highlighted@2x.png in Resources */ = {isa = PBXBuildFile; fileRef = DA57DF231B5E360D00EF5718 /* chooser-button-tab-highlighted@2x.png */; };
		DA57DF341B5E360D00EF5718 /* chooser-button-tab@2x.png in Resources */ = {isa = PBXBuildFile; fileRef = DA57DF241B5E360D00EF5718 /* chooser-button-tab@2x.png */; };
		DA57DF351B5E360D00EF5718 /* chooser-moment-button-highlighted@2x.png in Resources */ = {isa = PBXBuildFile; fileRef = DA57DF251B5E360D00EF5718 /* chooser-moment-button-highlighted@2x.png */; };
		DA57DF361B5E360D00EF5718 /* chooser-moment-button@2x.png in Resources */ = {isa = PBXBuildFile; fileRef = DA57DF261B5E360D00EF5718 /* chooser-moment-button@2x.png */; };
		DA57DF371B5E360D00EF5718 /* chooser-moment-icon-camera-highlighted@2x.png in Resources */ = {isa = PBXBuildFile; fileRef = DA57DF271B5E360D00EF5718 /* chooser-moment-icon-camera-highlighted@2x.png */; };
		DA57DF381B5E360D00EF5718 /* chooser-moment-icon-camera@2x.png in Resources */ = {isa = PBXBuildFile; fileRef = DA57DF281B5E360D00EF5718 /* chooser-moment-icon-camera@2x.png */; };
		DA57DF391B5E360D00EF5718 /* chooser-moment-icon-music-highlighted@2x.png in Resources */ = {isa = PBXBuildFile; fileRef = DA57DF291B5E360D00EF5718 /* chooser-moment-icon-music-highlighted@2x.png */; };
		DA57DF3A1B5E360D00EF5718 /* chooser-moment-icon-music@2x.png in Resources */ = {isa = PBXBuildFile; fileRef = DA57DF2A1B5E360D00EF5718 /* chooser-moment-icon-music@2x.png */; };
		DA57DF3B1B5E360D00EF5718 /* chooser-moment-icon-place-highlighted@2x.png in Resources */ = {isa = PBXBuildFile; fileRef = DA57DF2B1B5E360D00EF5718 /* chooser-moment-icon-place-highlighted@2x.png */; };
		DA57DF3C1B5E360D00EF5718 /* chooser-moment-icon-place@2x.png in Resources */ = {isa = PBXBuildFile; fileRef = DA57DF2C1B5E360D00EF5718 /* chooser-moment-icon-place@2x.png */; };
		DA57DF3D1B5E360D00EF5718 /* chooser-moment-icon-sleep-highlighted@2x.png in Resources */ = {isa = PBXBuildFile; fileRef = DA57DF2D1B5E360D00EF5718 /* chooser-moment-icon-sleep-highlighted@2x.png */; };
		DA57DF3E1B5E360D00EF5718 /* chooser-moment-icon-sleep@2x.png in Resources */ = {isa = PBXBuildFile; fileRef = DA57DF2E1B5E360D00EF5718 /* chooser-moment-icon-sleep@2x.png */; };
		DA57DF3F1B5E360D00EF5718 /* chooser-moment-icon-thought-highlighted@2x.png in Resources */ = {isa = PBXBuildFile; fileRef = DA57DF2F1B5E360D00EF5718 /* chooser-moment-icon-thought-highlighted@2x.png */; };
		DA57DF401B5E360D00EF5718 /* chooser-moment-icon-thought@2x.png in Resources */ = {isa = PBXBuildFile; fileRef = DA57DF301B5E360D00EF5718 /* chooser-moment-icon-thought@2x.png */; };
		DA57DF451B5E36A200EF5718 /* bloom.caf in Resources */ = {isa = PBXBuildFile; fileRef = DA57DF421B5E36A200EF5718 /* bloom.caf */; };
		DA57DF461B5E36A200EF5718 /* fold.caf in Resources */ = {isa = PBXBuildFile; fileRef = DA57DF431B5E36A200EF5718 /* fold.caf */; };
		DA57DF471B5E36A200EF5718 /* selected.caf in Resources */ = {isa = PBXBuildFile; fileRef = DA57DF441B5E36A200EF5718 /* selected.caf */; };
		DA57DF4F1B5E36FB00EF5718 /* DCPathButton.m in Sources */ = {isa = PBXBuildFile; fileRef = DA57DF4A1B5E36FB00EF5718 /* DCPathButton.m */; };
		DA57DF501B5E36FB00EF5718 /* DCPathCenterButton.m in Sources */ = {isa = PBXBuildFile; fileRef = DA57DF4C1B5E36FB00EF5718 /* DCPathCenterButton.m */; };
		DA57DF511B5E36FB00EF5718 /* DCPathItemButton.m in Sources */ = {isa = PBXBuildFile; fileRef = DA57DF4E1B5E36FB00EF5718 /* DCPathItemButton.m */; };
		DA57DF551B5F6A8400EF5718 /* DWBubbleMenuButton.m in Sources */ = {isa = PBXBuildFile; fileRef = DA57DF541B5F6A8400EF5718 /* DWBubbleMenuButton.m */; };
		DA57DF5B1B5FC6C300EF5718 /* MCFireworksButton.m in Sources */ = {isa = PBXBuildFile; fileRef = DA57DF581B5FC6C300EF5718 /* MCFireworksButton.m */; };
		DA57DF5C1B5FC6C300EF5718 /* MCFireworksView.m in Sources */ = {isa = PBXBuildFile; fileRef = DA57DF5A1B5FC6C300EF5718 /* MCFireworksView.m */; };
		DA57DF601B5FC72300EF5718 /* Like-Blue@2x.png in Resources */ = {isa = PBXBuildFile; fileRef = DA57DF5D1B5FC72300EF5718 /* Like-Blue@2x.png */; };
		DA57DF611B5FC72300EF5718 /* Like@2x.png in Resources */ = {isa = PBXBuildFile; fileRef = DA57DF5E1B5FC72300EF5718 /* Like@2x.png */; };
		DA57DF621B5FC72300EF5718 /* Sparkle.png in Resources */ = {isa = PBXBuildFile; fileRef = DA57DF5F1B5FC72300EF5718 /* Sparkle.png */; };
		DA88940D1B53E3FF00B47DE7 /* main.m in Sources */ = {isa = PBXBuildFile; fileRef = DA88940C1B53E3FF00B47DE7 /* main.m */; };
		DA8894101B53E3FF00B47DE7 /* AppDelegate.m in Sources */ = {isa = PBXBuildFile; fileRef = DA88940F1B53E3FF00B47DE7 /* AppDelegate.m */; };
		DA8894131B53E3FF00B47DE7 /* ViewController.m in Sources */ = {isa = PBXBuildFile; fileRef = DA8894121B53E3FF00B47DE7 /* ViewController.m */; };
		DA8894161B53E3FF00B47DE7 /* Main.storyboard in Resources */ = {isa = PBXBuildFile; fileRef = DA8894141B53E3FF00B47DE7 /* Main.storyboard */; };
		DA8894181B53E3FF00B47DE7 /* Images.xcassets in Resources */ = {isa = PBXBuildFile; fileRef = DA8894171B53E3FF00B47DE7 /* Images.xcassets */; };
		DA88941B1B53E3FF00B47DE7 /* LaunchScreen.xib in Resources */ = {isa = PBXBuildFile; fileRef = DA8894191B53E3FF00B47DE7 /* LaunchScreen.xib */; };
		DA8894271B53E3FF00B47DE7 /* ____Tests.m in Sources */ = {isa = PBXBuildFile; fileRef = DA8894261B53E3FF00B47DE7 /* ____Tests.m */; };
		DA8894331B53E7A200B47DE7 /* SWRevealViewController.m in Sources */ = {isa = PBXBuildFile; fileRef = DA8894321B53E7A200B47DE7 /* SWRevealViewController.m */; };
		DA8894391B53F00300B47DE7 /* RightViewController.m in Sources */ = {isa = PBXBuildFile; fileRef = DA8894381B53F00300B47DE7 /* RightViewController.m */; };
		DA88943C1B53F08A00B47DE7 /* BaseAnimationController.m in Sources */ = {isa = PBXBuildFile; fileRef = DA88943B1B53F08A00B47DE7 /* BaseAnimationController.m */; };
		DA88943F1B53F0CB00B47DE7 /* LeftViewController.m in Sources */ = {isa = PBXBuildFile; fileRef = DA88943E1B53F0CB00B47DE7 /* LeftViewController.m */; };
		DA8894431B552AFD00B47DE7 /* KeyFrameAnimationController.m in Sources */ = {isa = PBXBuildFile; fileRef = DA8894421B552AFD00B47DE7 /* KeyFrameAnimationController.m */; };
		DAADC3201B5A4CF900E6C503 /* BaseViewController.m in Sources */ = {isa = PBXBuildFile; fileRef = DAADC31F1B5A4CF900E6C503 /* BaseViewController.m */; };
		DAADC3231B5A571C00E6C503 /* GroupAnimationController.m in Sources */ = {isa = PBXBuildFile; fileRef = DAADC3221B5A571C00E6C503 /* GroupAnimationController.m */; };
		DAADC3261B5A57C300E6C503 /* TransitionAnimationController.m in Sources */ = {isa = PBXBuildFile; fileRef = DAADC3251B5A57C300E6C503 /* TransitionAnimationController.m */; };
		DAADC32A1B5B40A700E6C503 /* TitleButton.m in Sources */ = {isa = PBXBuildFile; fileRef = DAADC3291B5B40A700E6C503 /* TitleButton.m */; };
		DAADC32E1B5B651400E6C503 /* ComprehensiveCaseController.m in Sources */ = {isa = PBXBuildFile; fileRef = DAADC32D1B5B651400E6C503 /* ComprehensiveCaseController.m */; };
/* End PBXBuildFile section */

/* Begin PBXContainerItemProxy section */
		DA8894211B53E3FF00B47DE7 /* PBXContainerItemProxy */ = {
			isa = PBXContainerItemProxy;
			containerPortal = DA8893FF1B53E3FF00B47DE7 /* Project object */;
			proxyType = 1;
			remoteGlobalIDString = DA8894061B53E3FF00B47DE7;
			remoteInfo = "侧滑菜单";
		};
/* End PBXContainerItemProxy section */

/* Begin PBXFileReference section */
		DA57DF211B5E360D00EF5718 /* chooser-button-input-highlighted@2x.png */ = {isa = PBXFileReference; lastKnownFileType = image.png; path = "chooser-button-input-highlighted@2x.png"; sourceTree = "<group>"; };
		DA57DF221B5E360D00EF5718 /* chooser-button-input@2x.png */ = {isa = PBXFileReference; lastKnownFileType = image.png; path = "chooser-button-input@2x.png"; sourceTree = "<group>"; };
		DA57DF231B5E360D00EF5718 /* chooser-button-tab-highlighted@2x.png */ = {isa = PBXFileReference; lastKnownFileType = image.png; path = "chooser-button-tab-highlighted@2x.png"; sourceTree = "<group>"; };
		DA57DF241B5E360D00EF5718 /* chooser-button-tab@2x.png */ = {isa = PBXFileReference; lastKnownFileType = image.png; path = "chooser-button-tab@2x.png"; sourceTree = "<group>"; };
		DA57DF251B5E360D00EF5718 /* chooser-moment-button-highlighted@2x.png */ = {isa = PBXFileReference; lastKnownFileType = image.png; path = "chooser-moment-button-highlighted@2x.png"; sourceTree = "<group>"; };
		DA57DF261B5E360D00EF5718 /* chooser-moment-button@2x.png */ = {isa = PBXFileReference; lastKnownFileType = image.png; path = "chooser-moment-button@2x.png"; sourceTree = "<group>"; };
		DA57DF271B5E360D00EF5718 /* chooser-moment-icon-camera-highlighted@2x.png */ = {isa = PBXFileReference; lastKnownFileType = image.png; path = "chooser-moment-icon-camera-highlighted@2x.png"; sourceTree = "<group>"; };
		DA57DF281B5E360D00EF5718 /* chooser-moment-icon-camera@2x.png */ = {isa = PBXFileReference; lastKnownFileType = image.png; path = "chooser-moment-icon-camera@2x.png"; sourceTree = "<group>"; };
		DA57DF291B5E360D00EF5718 /* chooser-moment-icon-music-highlighted@2x.png */ = {isa = PBXFileReference; lastKnownFileType = image.png; path = "chooser-moment-icon-music-highlighted@2x.png"; sourceTree = "<group>"; };
		DA57DF2A1B5E360D00EF5718 /* chooser-moment-icon-music@2x.png */ = {isa = PBXFileReference; lastKnownFileType = image.png; path = "chooser-moment-icon-music@2x.png"; sourceTree = "<group>"; };
		DA57DF2B1B5E360D00EF5718 /* chooser-moment-icon-place-highlighted@2x.png */ = {isa = PBXFileReference; lastKnownFileType = image.png; path = "chooser-moment-icon-place-highlighted@2x.png"; sourceTree = "<group>"; };
		DA57DF2C1B5E360D00EF5718 /* chooser-moment-icon-place@2x.png */ = {isa = PBXFileReference; lastKnownFileType = image.png; path = "chooser-moment-icon-place@2x.png"; sourceTree = "<group>"; };
		DA57DF2D1B5E360D00EF5718 /* chooser-moment-icon-sleep-highlighted@2x.png */ = {isa = PBXFileReference; lastKnownFileType = image.png; path = "chooser-moment-icon-sleep-highlighted@2x.png"; sourceTree = "<group>"; };
		DA57DF2E1B5E360D00EF5718 /* chooser-moment-icon-sleep@2x.png */ = {isa = PBXFileReference; lastKnownFileType = image.png; path = "chooser-moment-icon-sleep@2x.png"; sourceTree = "<group>"; };
		DA57DF2F1B5E360D00EF5718 /* chooser-moment-icon-thought-highlighted@2x.png */ = {isa = PBXFileReference; lastKnownFileType = image.png; path = "chooser-moment-icon-thought-highlighted@2x.png"; sourceTree = "<group>"; };
		DA57DF301B5E360D00EF5718 /* chooser-moment-icon-thought@2x.png */ = {isa = PBXFileReference; lastKnownFileType = image.png; path = "chooser-moment-icon-thought@2x.png"; sourceTree = "<group>"; };
		DA57DF421B5E36A200EF5718 /* bloom.caf */ = {isa = PBXFileReference; lastKnownFileType = file; path = bloom.caf; sourceTree = "<group>"; };
		DA57DF431B5E36A200EF5718 /* fold.caf */ = {isa = PBXFileReference; lastKnownFileType = file; path = fold.caf; sourceTree = "<group>"; };
		DA57DF441B5E36A200EF5718 /* selected.caf */ = {isa = PBXFileReference; lastKnownFileType = file; path = selected.caf; sourceTree = "<group>"; };
		DA57DF491B5E36FB00EF5718 /* DCPathButton.h */ = {isa = PBXFileReference; fileEncoding = 4; lastKnownFileType = sourcecode.c.h; path = DCPathButton.h; sourceTree = "<group>"; };
		DA57DF4A1B5E36FB00EF5718 /* DCPathButton.m */ = {isa = PBXFileReference; fileEncoding = 4; lastKnownFileType = sourcecode.c.objc; path = DCPathButton.m; sourceTree = "<group>"; };
		DA57DF4B1B5E36FB00EF5718 /* DCPathCenterButton.h */ = {isa = PBXFileReference; fileEncoding = 4; lastKnownFileType = sourcecode.c.h; path = DCPathCenterButton.h; sourceTree = "<group>"; };
		DA57DF4C1B5E36FB00EF5718 /* DCPathCenterButton.m */ = {isa = PBXFileReference; fileEncoding = 4; lastKnownFileType = sourcecode.c.objc; path = DCPathCenterButton.m; sourceTree = "<group>"; };
		DA57DF4D1B5E36FB00EF5718 /* DCPathItemButton.h */ = {isa = PBXFileReference; fileEncoding = 4; lastKnownFileType = sourcecode.c.h; path = DCPathItemButton.h; sourceTree = "<group>"; };
		DA57DF4E1B5E36FB00EF5718 /* DCPathItemButton.m */ = {isa = PBXFileReference; fileEncoding = 4; lastKnownFileType = sourcecode.c.objc; path = DCPathItemButton.m; sourceTree = "<group>"; };
		DA57DF531B5F6A8400EF5718 /* DWBubbleMenuButton.h */ = {isa = PBXFileReference; fileEncoding = 4; lastKnownFileType = sourcecode.c.h; path = DWBubbleMenuButton.h; sourceTree = "<group>"; };
		DA57DF541B5F6A8400EF5718 /* DWBubbleMenuButton.m */ = {isa = PBXFileReference; fileEncoding = 4; lastKnownFileType = sourcecode.c.objc; path = DWBubbleMenuButton.m; sourceTree = "<group>"; };
		DA57DF571B5FC6C300EF5718 /* MCFireworksButton.h */ = {isa = PBXFileReference; fileEncoding = 4; lastKnownFileType = sourcecode.c.h; path = MCFireworksButton.h; sourceTree = "<group>"; };
		DA57DF581B5FC6C300EF5718 /* MCFireworksButton.m */ = {isa = PBXFileReference; fileEncoding = 4; lastKnownFileType = sourcecode.c.objc; path = MCFireworksButton.m; sourceTree = "<group>"; };
		DA57DF591B5FC6C300EF5718 /* MCFireworksView.h */ = {isa = PBXFileReference; fileEncoding = 4; lastKnownFileType = sourcecode.c.h; path = MCFireworksView.h; sourceTree = "<group>"; };
		DA57DF5A1B5FC6C300EF5718 /* MCFireworksView.m */ = {isa = PBXFileReference; fileEncoding = 4; lastKnownFileType = sourcecode.c.objc; path = MCFireworksView.m; sourceTree = "<group>"; };
		DA57DF5D1B5FC72300EF5718 /* Like-Blue@2x.png */ = {isa = PBXFileReference; lastKnownFileType = image.png; path = "Like-Blue@2x.png"; sourceTree = "<group>"; };
		DA57DF5E1B5FC72300EF5718 /* Like@2x.png */ = {isa = PBXFileReference; lastKnownFileType = image.png; path = "Like@2x.png"; sourceTree = "<group>"; };
		DA57DF5F1B5FC72300EF5718 /* Sparkle.png */ = {isa = PBXFileReference; lastKnownFileType = image.png; path = Sparkle.png; sourceTree = "<group>"; };
		DA8894071B53E3FF00B47DE7 /* 侧滑菜单.app */ = {isa = PBXFileReference; explicitFileType = wrapper.application; includeInIndex = 0; path = "侧滑菜单.app"; sourceTree = BUILT_PRODUCTS_DIR; };
		DA88940B1B53E3FF00B47DE7 /* Info.plist */ = {isa = PBXFileReference; lastKnownFileType = text.plist.xml; path = Info.plist; sourceTree = "<group>"; };
		DA88940C1B53E3FF00B47DE7 /* main.m */ = {isa = PBXFileReference; lastKnownFileType = sourcecode.c.objc; path = main.m; sourceTree = "<group>"; };
		DA88940E1B53E3FF00B47DE7 /* AppDelegate.h */ = {isa = PBXFileReference; lastKnownFileType = sourcecode.c.h; path = AppDelegate.h; sourceTree = "<group>"; };
		DA88940F1B53E3FF00B47DE7 /* AppDelegate.m */ = {isa = PBXFileReference; lastKnownFileType = sourcecode.c.objc; path = AppDelegate.m; sourceTree = "<group>"; };
		DA8894111B53E3FF00B47DE7 /* ViewController.h */ = {isa = PBXFileReference; lastKnownFileType = sourcecode.c.h; path = ViewController.h; sourceTree = "<group>"; };
		DA8894121B53E3FF00B47DE7 /* ViewController.m */ = {isa = PBXFileReference; lastKnownFileType = sourcecode.c.objc; path = ViewController.m; sourceTree = "<group>"; };
		DA8894151B53E3FF00B47DE7 /* Base */ = {isa = PBXFileReference; lastKnownFileType = file.storyboard; name = Base; path = Base.lproj/Main.storyboard; sourceTree = "<group>"; };
		DA8894171B53E3FF00B47DE7 /* Images.xcassets */ = {isa = PBXFileReference; lastKnownFileType = folder.assetcatalog; path = Images.xcassets; sourceTree = "<group>"; };
		DA88941A1B53E3FF00B47DE7 /* Base */ = {isa = PBXFileReference; lastKnownFileType = file.xib; name = Base; path = Base.lproj/LaunchScreen.xib; sourceTree = "<group>"; };
		DA8894201B53E3FF00B47DE7 /* 侧滑菜单Tests.xctest */ = {isa = PBXFileReference; explicitFileType = wrapper.cfbundle; includeInIndex = 0; path = "侧滑菜单Tests.xctest"; sourceTree = BUILT_PRODUCTS_DIR; };
		DA8894251B53E3FF00B47DE7 /* Info.plist */ = {isa = PBXFileReference; lastKnownFileType = text.plist.xml; path = Info.plist; sourceTree = "<group>"; };
		DA8894261B53E3FF00B47DE7 /* ____Tests.m */ = {isa = PBXFileReference; lastKnownFileType = sourcecode.c.objc; path = "____Tests.m"; sourceTree = "<group>"; };
		DA8894311B53E7A200B47DE7 /* SWRevealViewController.h */ = {isa = PBXFileReference; fileEncoding = 4; lastKnownFileType = sourcecode.c.h; path = SWRevealViewController.h; sourceTree = "<group>"; };
		DA8894321B53E7A200B47DE7 /* SWRevealViewController.m */ = {isa = PBXFileReference; fileEncoding = 4; lastKnownFileType = sourcecode.c.objc; path = SWRevealViewController.m; sourceTree = "<group>"; };
		DA8894371B53F00300B47DE7 /* RightViewController.h */ = {isa = PBXFileReference; fileEncoding = 4; lastKnownFileType = sourcecode.c.h; path = RightViewController.h; sourceTree = "<group>"; };
		DA8894381B53F00300B47DE7 /* RightViewController.m */ = {isa = PBXFileReference; fileEncoding = 4; lastKnownFileType = sourcecode.c.objc; path = RightViewController.m; sourceTree = "<group>"; };
		DA88943A1B53F08A00B47DE7 /* BaseAnimationController.h */ = {isa = PBXFileReference; fileEncoding = 4; lastKnownFileType = sourcecode.c.h; name = BaseAnimationController.h; path = ../BaseAnimationController.h; sourceTree = "<group>"; };
		DA88943B1B53F08A00B47DE7 /* BaseAnimationController.m */ = {isa = PBXFileReference; fileEncoding = 4; lastKnownFileType = sourcecode.c.objc; name = BaseAnimationController.m; path = ../BaseAnimationController.m; sourceTree = "<group>"; };
		DA88943D1B53F0CB00B47DE7 /* LeftViewController.h */ = {isa = PBXFileReference; fileEncoding = 4; lastKnownFileType = sourcecode.c.h; path = LeftViewController.h; sourceTree = "<group>"; };
		DA88943E1B53F0CB00B47DE7 /* LeftViewController.m */ = {isa = PBXFileReference; fileEncoding = 4; lastKnownFileType = sourcecode.c.objc; path = LeftViewController.m; sourceTree = "<group>"; };
		DA8894401B55233C00B47DE7 /* PrefixHeader.pch */ = {isa = PBXFileReference; lastKnownFileType = sourcecode.c.h; path = PrefixHeader.pch; sourceTree = "<group>"; };
		DA8894411B552AFD00B47DE7 /* KeyFrameAnimationController.h */ = {isa = PBXFileReference; fileEncoding = 4; lastKnownFileType = sourcecode.c.h; name = KeyFrameAnimationController.h; path = ../KeyFrameAnimationController.h; sourceTree = "<group>"; };
		DA8894421B552AFD00B47DE7 /* KeyFrameAnimationController.m */ = {isa = PBXFileReference; fileEncoding = 4; lastKnownFileType = sourcecode.c.objc; name = KeyFrameAnimationController.m; path = ../KeyFrameAnimationController.m; sourceTree = "<group>"; };
		DAADC31E1B5A4CF900E6C503 /* BaseViewController.h */ = {isa = PBXFileReference; fileEncoding = 4; lastKnownFileType = sourcecode.c.h; name = BaseViewController.h; path = ../BaseViewController.h; sourceTree = "<group>"; };
		DAADC31F1B5A4CF900E6C503 /* BaseViewController.m */ = {isa = PBXFileReference; fileEncoding = 4; lastKnownFileType = sourcecode.c.objc; name = BaseViewController.m; path = ../BaseViewController.m; sourceTree = "<group>"; };
		DAADC3211B5A571C00E6C503 /* GroupAnimationController.h */ = {isa = PBXFileReference; fileEncoding = 4; lastKnownFileType = sourcecode.c.h; name = GroupAnimationController.h; path = ../GroupAnimationController.h; sourceTree = "<group>"; };
		DAADC3221B5A571C00E6C503 /* GroupAnimationController.m */ = {isa = PBXFileReference; fileEncoding = 4; lastKnownFileType = sourcecode.c.objc; name = GroupAnimationController.m; path = ../GroupAnimationController.m; sourceTree = "<group>"; };
		DAADC3241B5A57C300E6C503 /* TransitionAnimationController.h */ = {isa = PBXFileReference; fileEncoding = 4; lastKnownFileType = sourcecode.c.h; name = TransitionAnimationController.h; path = ../TransitionAnimationController.h; sourceTree = "<group>"; };
		DAADC3251B5A57C300E6C503 /* TransitionAnimationController.m */ = {isa = PBXFileReference; fileEncoding = 4; lastKnownFileType = sourcecode.c.objc; name = TransitionAnimationController.m; path = ../TransitionAnimationController.m; sourceTree = "<group>"; };
		DAADC3281B5B40A700E6C503 /* TitleButton.h */ = {isa = PBXFileReference; fileEncoding = 4; lastKnownFileType = sourcecode.c.h; path = TitleButton.h; sourceTree = "<group>"; };
		DAADC3291B5B40A700E6C503 /* TitleButton.m */ = {isa = PBXFileReference; fileEncoding = 4; lastKnownFileType = sourcecode.c.objc; path = TitleButton.m; sourceTree = "<group>"; };
		DAADC32C1B5B651400E6C503 /* ComprehensiveCaseController.h */ = {isa = PBXFileReference; fileEncoding = 4; lastKnownFileType = sourcecode.c.h; name = ComprehensiveCaseController.h; path = ../ComprehensiveCaseController.h; sourceTree = "<group>"; };
		DAADC32D1B5B651400E6C503 /* ComprehensiveCaseController.m */ = {isa = PBXFileReference; fileEncoding = 4; lastKnownFileType = sourcecode.c.objc; name = ComprehensiveCaseController.m; path = ../ComprehensiveCaseController.m; sourceTree = "<group>"; };
/* End PBXFileReference section */

/* Begin PBXFrameworksBuildPhase section */
		DA8894041B53E3FF00B47DE7 /* Frameworks */ = {
			isa = PBXFrameworksBuildPhase;
			buildActionMask = 2147483647;
			files = (
			);
			runOnlyForDeploymentPostprocessing = 0;
		};
		DA88941D1B53E3FF00B47DE7 /* Frameworks */ = {
			isa = PBXFrameworksBuildPhase;
			buildActionMask = 2147483647;
			files = (
			);
			runOnlyForDeploymentPostprocessing = 0;
		};
/* End PBXFrameworksBuildPhase section */

/* Begin PBXGroup section */
		DA57DF1F1B5CB56A00EF5718 /* Controller */ = {
			isa = PBXGroup;
			children = (
				DA88943A1B53F08A00B47DE7 /* BaseAnimationController.h */,
				DA88943B1B53F08A00B47DE7 /* BaseAnimationController.m */,
				DA8894411B552AFD00B47DE7 /* KeyFrameAnimationController.h */,
				DA8894421B552AFD00B47DE7 /* KeyFrameAnimationController.m */,
				DAADC31E1B5A4CF900E6C503 /* BaseViewController.h */,
				DAADC31F1B5A4CF900E6C503 /* BaseViewController.m */,
				DAADC3211B5A571C00E6C503 /* GroupAnimationController.h */,
				DAADC3221B5A571C00E6C503 /* GroupAnimationController.m */,
				DAADC3241B5A57C300E6C503 /* TransitionAnimationController.h */,
				DAADC3251B5A57C300E6C503 /* TransitionAnimationController.m */,
				DAADC32C1B5B651400E6C503 /* ComprehensiveCaseController.h */,
				DAADC32D1B5B651400E6C503 /* ComprehensiveCaseController.m */,
			);
			path = Controller;
			sourceTree = "<group>";
		};
		DA57DF201B5E35F900EF5718 /* image */ = {
			isa = PBXGroup;
			children = (
				DA57DF5D1B5FC72300EF5718 /* Like-Blue@2x.png */,
				DA57DF5E1B5FC72300EF5718 /* Like@2x.png */,
				DA57DF5F1B5FC72300EF5718 /* Sparkle.png */,
				DA57DF211B5E360D00EF5718 /* chooser-button-input-highlighted@2x.png */,
				DA57DF221B5E360D00EF5718 /* chooser-button-input@2x.png */,
				DA57DF231B5E360D00EF5718 /* chooser-button-tab-highlighted@2x.png */,
				DA57DF241B5E360D00EF5718 /* chooser-button-tab@2x.png */,
				DA57DF251B5E360D00EF5718 /* chooser-moment-button-highlighted@2x.png */,
				DA57DF261B5E360D00EF5718 /* chooser-moment-button@2x.png */,
				DA57DF271B5E360D00EF5718 /* chooser-moment-icon-camera-highlighted@2x.png */,
				DA57DF281B5E360D00EF5718 /* chooser-moment-icon-camera@2x.png */,
				DA57DF291B5E360D00EF5718 /* chooser-moment-icon-music-highlighted@2x.png */,
				DA57DF2A1B5E360D00EF5718 /* chooser-moment-icon-music@2x.png */,
				DA57DF2B1B5E360D00EF5718 /* chooser-moment-icon-place-highlighted@2x.png */,
				DA57DF2C1B5E360D00EF5718 /* chooser-moment-icon-place@2x.png */,
				DA57DF2D1B5E360D00EF5718 /* chooser-moment-icon-sleep-highlighted@2x.png */,
				DA57DF2E1B5E360D00EF5718 /* chooser-moment-icon-sleep@2x.png */,
				DA57DF2F1B5E360D00EF5718 /* chooser-moment-icon-thought-highlighted@2x.png */,
				DA57DF301B5E360D00EF5718 /* chooser-moment-icon-thought@2x.png */,
			);
			path = image;
			sourceTree = "<group>";
		};
		DA57DF411B5E36A200EF5718 /* Sounds */ = {
			isa = PBXGroup;
			children = (
				DA57DF421B5E36A200EF5718 /* bloom.caf */,
				DA57DF431B5E36A200EF5718 /* fold.caf */,
				DA57DF441B5E36A200EF5718 /* selected.caf */,
			);
			path = Sounds;
			sourceTree = "<group>";
		};
		DA57DF481B5E36D000EF5718 /* DCPathButton */ = {
			isa = PBXGroup;
			children = (
				DA57DF491B5E36FB00EF5718 /* DCPathButton.h */,
				DA57DF4A1B5E36FB00EF5718 /* DCPathButton.m */,
				DA57DF4B1B5E36FB00EF5718 /* DCPathCenterButton.h */,
				DA57DF4C1B5E36FB00EF5718 /* DCPathCenterButton.m */,
				DA57DF4D1B5E36FB00EF5718 /* DCPathItemButton.h */,
				DA57DF4E1B5E36FB00EF5718 /* DCPathItemButton.m */,
			);
			name = DCPathButton;
			path = LeftPage/DCPathButton;
			sourceTree = "<group>";
		};
		DA57DF521B5F69DF00EF5718 /* DWBubbleMenuButton */ = {
			isa = PBXGroup;
			children = (
				DA57DF531B5F6A8400EF5718 /* DWBubbleMenuButton.h */,
				DA57DF541B5F6A8400EF5718 /* DWBubbleMenuButton.m */,
			);
			path = DWBubbleMenuButton;
			sourceTree = "<group>";
		};
		DA57DF561B5FC68400EF5718 /* MCFireworksButton */ = {
			isa = PBXGroup;
			children = (
				DA57DF571B5FC6C300EF5718 /* MCFireworksButton.h */,
				DA57DF581B5FC6C300EF5718 /* MCFireworksButton.m */,
				DA57DF591B5FC6C300EF5718 /* MCFireworksView.h */,
				DA57DF5A1B5FC6C300EF5718 /* MCFireworksView.m */,
			);
			path = MCFireworksButton;
			sourceTree = "<group>";
		};
		DA8893FE1B53E3FF00B47DE7 = {
			isa = PBXGroup;
			children = (
				DA8894091B53E3FF00B47DE7 /* 侧滑菜单 */,
				DA8894231B53E3FF00B47DE7 /* 侧滑菜单Tests */,
				DA8894081B53E3FF00B47DE7 /* Products */,
			);
			sourceTree = "<group>";
		};
		DA8894081B53E3FF00B47DE7 /* Products */ = {
			isa = PBXGroup;
			children = (
				DA8894071B53E3FF00B47DE7 /* 侧滑菜单.app */,
				DA8894201B53E3FF00B47DE7 /* 侧滑菜单Tests.xctest */,
			);
			name = Products;
			sourceTree = "<group>";
		};
		DA8894091B53E3FF00B47DE7 /* 侧滑菜单 */ = {
			isa = PBXGroup;
			children = (
				DA57DF561B5FC68400EF5718 /* MCFireworksButton */,
				DA57DF521B5F69DF00EF5718 /* DWBubbleMenuButton */,
				DA57DF481B5E36D000EF5718 /* DCPathButton */,
				DA8894361B53EFB600B47DE7 /* RightPage */,
				DA8894351B53EF9500B47DE7 /* CenterPage */,
				DA8894341B53EF5700B47DE7 /* LeftPage */,
				DA8894301B53E78000B47DE7 /* SWRevealViewController */,
				DA88940E1B53E3FF00B47DE7 /* AppDelegate.h */,
				DA88940F1B53E3FF00B47DE7 /* AppDelegate.m */,
				DA8894111B53E3FF00B47DE7 /* ViewController.h */,
				DA8894121B53E3FF00B47DE7 /* ViewController.m */,
				DA8894141B53E3FF00B47DE7 /* Main.storyboard */,
				DA8894171B53E3FF00B47DE7 /* Images.xcassets */,
				DA8894191B53E3FF00B47DE7 /* LaunchScreen.xib */,
				DA88940A1B53E3FF00B47DE7 /* Supporting Files */,
			);
			path = "侧滑菜单";
			sourceTree = "<group>";
		};
		DA88940A1B53E3FF00B47DE7 /* Supporting Files */ = {
			isa = PBXGroup;
			children = (
				DA57DF411B5E36A200EF5718 /* Sounds */,
				DA57DF201B5E35F900EF5718 /* image */,
				DA88940B1B53E3FF00B47DE7 /* Info.plist */,
				DA88940C1B53E3FF00B47DE7 /* main.m */,
				DA8894401B55233C00B47DE7 /* PrefixHeader.pch */,
			);
			name = "Supporting Files";
			sourceTree = "<group>";
		};
		DA8894231B53E3FF00B47DE7 /* 侧滑菜单Tests */ = {
			isa = PBXGroup;
			children = (
				DA8894261B53E3FF00B47DE7 /* ____Tests.m */,
				DA8894241B53E3FF00B47DE7 /* Supporting Files */,
			);
			path = "侧滑菜单Tests";
			sourceTree = "<group>";
		};
		DA8894241B53E3FF00B47DE7 /* Supporting Files */ = {
			isa = PBXGroup;
			children = (
				DA8894251B53E3FF00B47DE7 /* Info.plist */,
			);
			name = "Supporting Files";
			sourceTree = "<group>";
		};
		DA8894301B53E78000B47DE7 /* SWRevealViewController */ = {
			isa = PBXGroup;
			children = (
				DA8894311B53E7A200B47DE7 /* SWRevealViewController.h */,
				DA8894321B53E7A200B47DE7 /* SWRevealViewController.m */,
			);
			path = SWRevealViewController;
			sourceTree = "<group>";
		};
		DA8894341B53EF5700B47DE7 /* LeftPage */ = {
			isa = PBXGroup;
			children = (
				DA88943D1B53F0CB00B47DE7 /* LeftViewController.h */,
				DA88943E1B53F0CB00B47DE7 /* LeftViewController.m */,
			);
			path = LeftPage;
			sourceTree = "<group>";
		};
		DA8894351B53EF9500B47DE7 /* CenterPage */ = {
			isa = PBXGroup;
			children = (
				DA57DF1F1B5CB56A00EF5718 /* Controller */,
				DAADC3271B5B404900E6C503 /* View */,
			);
			path = CenterPage;
			sourceTree = "<group>";
		};
		DA8894361B53EFB600B47DE7 /* RightPage */ = {
			isa = PBXGroup;
			children = (
				DA8894371B53F00300B47DE7 /* RightViewController.h */,
				DA8894381B53F00300B47DE7 /* RightViewController.m */,
			);
			path = RightPage;
			sourceTree = "<group>";
		};
		DAADC3271B5B404900E6C503 /* View */ = {
			isa = PBXGroup;
			children = (
				DAADC3281B5B40A700E6C503 /* TitleButton.h */,
				DAADC3291B5B40A700E6C503 /* TitleButton.m */,
			);
			path = View;
			sourceTree = "<group>";
		};
/* End PBXGroup section */

/* Begin PBXNativeTarget section */
		DA8894061B53E3FF00B47DE7 /* 侧滑菜单 */ = {
			isa = PBXNativeTarget;
			buildConfigurationList = DA88942A1B53E3FF00B47DE7 /* Build configuration list for PBXNativeTarget "侧滑菜单" */;
			buildPhases = (
				DA8894031B53E3FF00B47DE7 /* Sources */,
				DA8894041B53E3FF00B47DE7 /* Frameworks */,
				DA8894051B53E3FF00B47DE7 /* Resources */,
			);
			buildRules = (
			);
			dependencies = (
			);
			name = "侧滑菜单";
			productName = "侧滑菜单";
			productReference = DA8894071B53E3FF00B47DE7 /* 侧滑菜单.app */;
			productType = "com.apple.product-type.application";
		};
		DA88941F1B53E3FF00B47DE7 /* 侧滑菜单Tests */ = {
			isa = PBXNativeTarget;
			buildConfigurationList = DA88942D1B53E3FF00B47DE7 /* Build configuration list for PBXNativeTarget "侧滑菜单Tests" */;
			buildPhases = (
				DA88941C1B53E3FF00B47DE7 /* Sources */,
				DA88941D1B53E3FF00B47DE7 /* Frameworks */,
				DA88941E1B53E3FF00B47DE7 /* Resources */,
			);
			buildRules = (
			);
			dependencies = (
				DA8894221B53E3FF00B47DE7 /* PBXTargetDependency */,
			);
			name = "侧滑菜单Tests";
			productName = "侧滑菜单Tests";
			productReference = DA8894201B53E3FF00B47DE7 /* 侧滑菜单Tests.xctest */;
			productType = "com.apple.product-type.bundle.unit-test";
		};
/* End PBXNativeTarget section */

/* Begin PBXProject section */
		DA8893FF1B53E3FF00B47DE7 /* Project object */ = {
			isa = PBXProject;
			attributes = {
				LastUpgradeCheck = 0630;
				ORGANIZATIONNAME = yixiang;
				TargetAttributes = {
					DA8894061B53E3FF00B47DE7 = {
						CreatedOnToolsVersion = 6.3.2;
					};
					DA88941F1B53E3FF00B47DE7 = {
						CreatedOnToolsVersion = 6.3.2;
						TestTargetID = DA8894061B53E3FF00B47DE7;
					};
				};
			};
			buildConfigurationList = DA8894021B53E3FF00B47DE7 /* Build configuration list for PBXProject "侧滑菜单" */;
			compatibilityVersion = "Xcode 3.2";
			developmentRegion = English;
			hasScannedForEncodings = 0;
			knownRegions = (
				en,
				Base,
			);
			mainGroup = DA8893FE1B53E3FF00B47DE7;
			productRefGroup = DA8894081B53E3FF00B47DE7 /* Products */;
			projectDirPath = "";
			projectRoot = "";
			targets = (
				DA8894061B53E3FF00B47DE7 /* 侧滑菜单 */,
				DA88941F1B53E3FF00B47DE7 /* 侧滑菜单Tests */,
			);
		};
/* End PBXProject section */

/* Begin PBXResourcesBuildPhase section */
		DA8894051B53E3FF00B47DE7 /* Resources */ = {
			isa = PBXResourcesBuildPhase;
			buildActionMask = 2147483647;
			files = (
				DA57DF3C1B5E360D00EF5718 /* chooser-moment-icon-place@2x.png in Resources */,
				DA57DF3F1B5E360D00EF5718 /* chooser-moment-icon-thought-highlighted@2x.png in Resources */,
				DA57DF331B5E360D00EF5718 /* chooser-button-tab-highlighted@2x.png in Resources */,
				DA8894161B53E3FF00B47DE7 /* Main.storyboard in Resources */,
				DA57DF3D1B5E360D00EF5718 /* chooser-moment-icon-sleep-highlighted@2x.png in Resources */,
				DA88941B1B53E3FF00B47DE7 /* LaunchScreen.xib in Resources */,
				DA57DF391B5E360D00EF5718 /* chooser-moment-icon-music-highlighted@2x.png in Resources */,
				DA57DF621B5FC72300EF5718 /* Sparkle.png in Resources */,
				DA57DF361B5E360D00EF5718 /* chooser-moment-button@2x.png in Resources */,
				DA57DF371B5E360D00EF5718 /* chooser-moment-icon-camera-highlighted@2x.png in Resources */,
				DA57DF471B5E36A200EF5718 /* selected.caf in Resources */,
				DA8894181B53E3FF00B47DE7 /* Images.xcassets in Resources */,
				DA57DF401B5E360D00EF5718 /* chooser-moment-icon-thought@2x.png in Resources */,
				DA57DF351B5E360D00EF5718 /* chooser-moment-button-highlighted@2x.png in Resources */,
				DA57DF461B5E36A200EF5718 /* fold.caf in Resources */,
				DA57DF3E1B5E360D00EF5718 /* chooser-moment-icon-sleep@2x.png in Resources */,
				DA57DF381B5E360D00EF5718 /* chooser-moment-icon-camera@2x.png in Resources */,
				DA57DF321B5E360D00EF5718 /* chooser-button-input@2x.png in Resources */,
				DA57DF341B5E360D00EF5718 /* chooser-button-tab@2x.png in Resources */,
				DA57DF311B5E360D00EF5718 /* chooser-button-input-highlighted@2x.png in Resources */,
				DA57DF3A1B5E360D00EF5718 /* chooser-moment-icon-music@2x.png in Resources */,
				DA57DF601B5FC72300EF5718 /* Like-Blue@2x.png in Resources */,
				DA57DF611B5FC72300EF5718 /* Like@2x.png in Resources */,
				DA57DF451B5E36A200EF5718 /* bloom.caf in Resources */,
				DA57DF3B1B5E360D00EF5718 /* chooser-moment-icon-place-highlighted@2x.png in Resources */,
			);
			runOnlyForDeploymentPostprocessing = 0;
		};
		DA88941E1B53E3FF00B47DE7 /* Resources */ = {
			isa = PBXResourcesBuildPhase;
			buildActionMask = 2147483647;
			files = (
			);
			runOnlyForDeploymentPostprocessing = 0;
		};
/* End PBXResourcesBuildPhase section */

/* Begin PBXSourcesBuildPhase section */
		DA8894031B53E3FF00B47DE7 /* Sources */ = {
			isa = PBXSourcesBuildPhase;
			buildActionMask = 2147483647;
			files = (
				DA8894391B53F00300B47DE7 /* RightViewController.m in Sources */,
				DA57DF5C1B5FC6C300EF5718 /* MCFireworksView.m in Sources */,
				DAADC3201B5A4CF900E6C503 /* BaseViewController.m in Sources */,
				DAADC3261B5A57C300E6C503 /* TransitionAnimationController.m in Sources */,
				DA57DF551B5F6A8400EF5718 /* DWBubbleMenuButton.m in Sources */,
				DA8894131B53E3FF00B47DE7 /* ViewController.m in Sources */,
				DAADC32E1B5B651400E6C503 /* ComprehensiveCaseController.m in Sources */,
				DA57DF5B1B5FC6C300EF5718 /* MCFireworksButton.m in Sources */,
				DA8894101B53E3FF00B47DE7 /* AppDelegate.m in Sources */,
				DA88943C1B53F08A00B47DE7 /* BaseAnimationController.m in Sources */,
				DA57DF501B5E36FB00EF5718 /* DCPathCenterButton.m in Sources */,
				DAADC32A1B5B40A700E6C503 /* TitleButton.m in Sources */,
				DA8894431B552AFD00B47DE7 /* KeyFrameAnimationController.m in Sources */,
				DA88943F1B53F0CB00B47DE7 /* LeftViewController.m in Sources */,
				DA88940D1B53E3FF00B47DE7 /* main.m in Sources */,
				DA57DF511B5E36FB00EF5718 /* DCPathItemButton.m in Sources */,
				DA57DF4F1B5E36FB00EF5718 /* DCPathButton.m in Sources */,
				DA8894331B53E7A200B47DE7 /* SWRevealViewController.m in Sources */,
				DAADC3231B5A571C00E6C503 /* GroupAnimationController.m in Sources */,
			);
			runOnlyForDeploymentPostprocessing = 0;
		};
		DA88941C1B53E3FF00B47DE7 /* Sources */ = {
			isa = PBXSourcesBuildPhase;
			buildActionMask = 2147483647;
			files = (
				DA8894271B53E3FF00B47DE7 /* ____Tests.m in Sources */,
			);
			runOnlyForDeploymentPostprocessing = 0;
		};
/* End PBXSourcesBuildPhase section */

/* Begin PBXTargetDependency section */
		DA8894221B53E3FF00B47DE7 /* PBXTargetDependency */ = {
			isa = PBXTargetDependency;
			target = DA8894061B53E3FF00B47DE7 /* 侧滑菜单 */;
			targetProxy = DA8894211B53E3FF00B47DE7 /* PBXContainerItemProxy */;
		};
/* End PBXTargetDependency section */

/* Begin PBXVariantGroup section */
		DA8894141B53E3FF00B47DE7 /* Main.storyboard */ = {
			isa = PBXVariantGroup;
			children = (
				DA8894151B53E3FF00B47DE7 /* Base */,
			);
			name = Main.storyboard;
			sourceTree = "<group>";
		};
		DA8894191B53E3FF00B47DE7 /* LaunchScreen.xib */ = {
			isa = PBXVariantGroup;
			children = (
				DA88941A1B53E3FF00B47DE7 /* Base */,
			);
			name = LaunchScreen.xib;
			sourceTree = "<group>";
		};
/* End PBXVariantGroup section */

/* Begin XCBuildConfiguration section */
		DA8894281B53E3FF00B47DE7 /* Debug */ = {
			isa = XCBuildConfiguration;
			buildSettings = {
				ALWAYS_SEARCH_USER_PATHS = NO;
				CLANG_CXX_LANGUAGE_STANDARD = "gnu++0x";
				CLANG_CXX_LIBRARY = "libc++";
				CLANG_ENABLE_MODULES = YES;
				CLANG_ENABLE_OBJC_ARC = YES;
				CLANG_WARN_BOOL_CONVERSION = YES;
				CLANG_WARN_CONSTANT_CONVERSION = YES;
				CLANG_WARN_DIRECT_OBJC_ISA_USAGE = YES_ERROR;
				CLANG_WARN_EMPTY_BODY = YES;
				CLANG_WARN_ENUM_CONVERSION = YES;
				CLANG_WARN_INT_CONVERSION = YES;
				CLANG_WARN_OBJC_ROOT_CLASS = YES_ERROR;
				CLANG_WARN_UNREACHABLE_CODE = YES;
				CLANG_WARN__DUPLICATE_METHOD_MATCH = YES;
				"CODE_SIGN_IDENTITY[sdk=iphoneos*]" = "iPhone Developer";
				COPY_PHASE_STRIP = NO;
				DEBUG_INFORMATION_FORMAT = "dwarf-with-dsym";
				ENABLE_STRICT_OBJC_MSGSEND = YES;
				GCC_C_LANGUAGE_STANDARD = gnu99;
				GCC_DYNAMIC_NO_PIC = NO;
				GCC_NO_COMMON_BLOCKS = YES;
				GCC_OPTIMIZATION_LEVEL = 0;
				GCC_PREPROCESSOR_DEFINITIONS = (
					"DEBUG=1",
					"$(inherited)",
				);
				GCC_SYMBOLS_PRIVATE_EXTERN = NO;
				GCC_WARN_64_TO_32_BIT_CONVERSION = YES;
				GCC_WARN_ABOUT_RETURN_TYPE = YES_ERROR;
				GCC_WARN_UNDECLARED_SELECTOR = YES;
				GCC_WARN_UNINITIALIZED_AUTOS = YES_AGGRESSIVE;
				GCC_WARN_UNUSED_FUNCTION = YES;
				GCC_WARN_UNUSED_VARIABLE = YES;
				IPHONEOS_DEPLOYMENT_TARGET = 8.3;
				MTL_ENABLE_DEBUG_INFO = YES;
				ONLY_ACTIVE_ARCH = YES;
				SDKROOT = iphoneos;
			};
			name = Debug;
		};
		DA8894291B53E3FF00B47DE7 /* Release */ = {
			isa = XCBuildConfiguration;
			buildSettings = {
				ALWAYS_SEARCH_USER_PATHS = NO;
				CLANG_CXX_LANGUAGE_STANDARD = "gnu++0x";
				CLANG_CXX_LIBRARY = "libc++";
				CLANG_ENABLE_MODULES = YES;
				CLANG_ENABLE_OBJC_ARC = YES;
				CLANG_WARN_BOOL_CONVERSION = YES;
				CLANG_WARN_CONSTANT_CONVERSION = YES;
				CLANG_WARN_DIRECT_OBJC_ISA_USAGE = YES_ERROR;
				CLANG_WARN_EMPTY_BODY = YES;
				CLANG_WARN_ENUM_CONVERSION = YES;
				CLANG_WARN_INT_CONVERSION = YES;
				CLANG_WARN_OBJC_ROOT_CLASS = YES_ERROR;
				CLANG_WARN_UNREACHABLE_CODE = YES;
				CLANG_WARN__DUPLICATE_METHOD_MATCH = YES;
				"CODE_SIGN_IDENTITY[sdk=iphoneos*]" = "iPhone Developer";
				COPY_PHASE_STRIP = NO;
				DEBUG_INFORMATION_FORMAT = "dwarf-with-dsym";
				ENABLE_NS_ASSERTIONS = NO;
				ENABLE_STRICT_OBJC_MSGSEND = YES;
				GCC_C_LANGUAGE_STANDARD = gnu99;
				GCC_NO_COMMON_BLOCKS = YES;
				GCC_WARN_64_TO_32_BIT_CONVERSION = YES;
				GCC_WARN_ABOUT_RETURN_TYPE = YES_ERROR;
				GCC_WARN_UNDECLARED_SELECTOR = YES;
				GCC_WARN_UNINITIALIZED_AUTOS = YES_AGGRESSIVE;
				GCC_WARN_UNUSED_FUNCTION = YES;
				GCC_WARN_UNUSED_VARIABLE = YES;
				IPHONEOS_DEPLOYMENT_TARGET = 8.3;
				MTL_ENABLE_DEBUG_INFO = NO;
				SDKROOT = iphoneos;
				VALIDATE_PRODUCT = YES;
			};
			name = Release;
		};
		DA88942B1B53E3FF00B47DE7 /* Debug */ = {
			isa = XCBuildConfiguration;
			buildSettings = {
				ASSETCATALOG_COMPILER_APPICON_NAME = AppIcon;
				GCC_PRECOMPILE_PREFIX_HEADER = YES;
				GCC_PREFIX_HEADER = "$(SRCROOT)/侧滑菜单/PrefixHeader.pch";
				INFOPLIST_FILE = "侧滑菜单/Info.plist";
				LD_RUNPATH_SEARCH_PATHS = "$(inherited) @executable_path/Frameworks";
				PRODUCT_NAME = "$(TARGET_NAME)";
			};
			name = Debug;
		};
		DA88942C1B53E3FF00B47DE7 /* Release */ = {
			isa = XCBuildConfiguration;
			buildSettings = {
				ASSETCATALOG_COMPILER_APPICON_NAME = AppIcon;
				GCC_PRECOMPILE_PREFIX_HEADER = YES;
				GCC_PREFIX_HEADER = "$(SRCROOT)/侧滑菜单/PrefixHeader.pch";
				INFOPLIST_FILE = "侧滑菜单/Info.plist";
				LD_RUNPATH_SEARCH_PATHS = "$(inherited) @executable_path/Frameworks";
				PRODUCT_NAME = "$(TARGET_NAME)";
			};
			name = Release;
		};
		DA88942E1B53E3FF00B47DE7 /* Debug */ = {
			isa = XCBuildConfiguration;
			buildSettings = {
				BUNDLE_LOADER = "$(TEST_HOST)";
				FRAMEWORK_SEARCH_PATHS = (
					"$(SDKROOT)/Developer/Library/Frameworks",
					"$(inherited)",
				);
				GCC_PREPROCESSOR_DEFINITIONS = (
					"DEBUG=1",
					"$(inherited)",
				);
				INFOPLIST_FILE = "侧滑菜单Tests/Info.plist";
				LD_RUNPATH_SEARCH_PATHS = "$(inherited) @executable_path/Frameworks @loader_path/Frameworks";
				PRODUCT_NAME = "$(TARGET_NAME)";
				TEST_HOST = "$(BUILT_PRODUCTS_DIR)/侧滑菜单.app/侧滑菜单";
			};
			name = Debug;
		};
		DA88942F1B53E3FF00B47DE7 /* Release */ = {
			isa = XCBuildConfiguration;
			buildSettings = {
				BUNDLE_LOADER = "$(TEST_HOST)";
				FRAMEWORK_SEARCH_PATHS = (
					"$(SDKROOT)/Developer/Library/Frameworks",
					"$(inherited)",
				);
				INFOPLIST_FILE = "侧滑菜单Tests/Info.plist";
				LD_RUNPATH_SEARCH_PATHS = "$(inherited) @executable_path/Frameworks @loader_path/Frameworks";
				PRODUCT_NAME = "$(TARGET_NAME)";
				TEST_HOST = "$(BUILT_PRODUCTS_DIR)/侧滑菜单.app/侧滑菜单";
			};
			name = Release;
		};
/* End XCBuildConfiguration section */

/* Begin XCConfigurationList section */
		DA8894021B53E3FF00B47DE7 /* Build configuration list for PBXProject "侧滑菜单" */ = {
			isa = XCConfigurationList;
			buildConfigurations = (
				DA8894281B53E3FF00B47DE7 /* Debug */,
				DA8894291B53E3FF00B47DE7 /* Release */,
			);
			defaultConfigurationIsVisible = 0;
			defaultConfigurationName = Release;
		};
		DA88942A1B53E3FF00B47DE7 /* Build configuration list for PBXNativeTarget "侧滑菜单" */ = {
			isa = XCConfigurationList;
			buildConfigurations = (
				DA88942B1B53E3FF00B47DE7 /* Debug */,
				DA88942C1B53E3FF00B47DE7 /* Release */,
			);
			defaultConfigurationIsVisible = 0;
			defaultConfigurationName = Release;
		};
		DA88942D1B53E3FF00B47DE7 /* Build configuration list for PBXNativeTarget "侧滑菜单Tests" */ = {
			isa = XCConfigurationList;
			buildConfigurations = (
				DA88942E1B53E3FF00B47DE7 /* Debug */,
				DA88942F1B53E3FF00B47DE7 /* Release */,
			);
			defaultConfigurationIsVisible = 0;
			defaultConfigurationName = Release;
		};
/* End XCConfigurationList section */
	};
	rootObject = DA8893FF1B53E3FF00B47DE7 /* Project object */;
}
